
Microsoft Visual Studio Solution File, Format Version 12.00
# Visual Studio Version 17
VisualStudioVersion = 17.8.34309.116
MinimumVisualStudioVersion = 10.0.40219.1
Project("{9A19103F-16F7-4668-BE54-9A1E7A4F7556}") = "ProductViewer.API", "ProductViewer.API\ProductViewer.API.csproj", "{6A272CB2-702A-418E-9A4B-2F3474E8EFFF}"
EndProject
Project("{9A19103F-16F7-4668-BE54-9A1E7A4F7556}") = "ProductViewer.Database", "ProductViewer.Database\ProductViewer.Database.csproj", "{8F93F77E-38A4-4176-BA16-D68C13E50A17}"
EndProject
Project("{9A19103F-16F7-4668-BE54-9A1E7A4F7556}") = "ProductViewer.EntityFramework", "ProductViewer.EntityFramework\ProductViewer.EntityFramework.csproj", "{EDC23091-A11E-4C44-B962-378B35684B4E}"
EndProject
Project("{9A19103F-16F7-4668-BE54-9A1E7A4F7556}") = "ProductViewer.DataAccess", "ProductViewer.DataAccess\ProductViewer.DataAccess.csproj", "{F811F4FA-CB6D-4B34-B118-E4C3BC7179CD}"
EndProject
Project("{9A19103F-16F7-4668-BE54-9A1E7A4F7556}") = "ProductViewer.Services", "ProductViewer.Services\ProductViewer.Services.csproj", "{7BD5453A-B50A-4680-B8C5-B9D301E3ADEE}"
EndProject
Project("{9A19103F-16F7-4668-BE54-9A1E7A4F7556}") = "ProductViewer.Common", "ProductViewer.Common\ProductViewer.Common.csproj", "{97351BBA-BE03-45B6-A7EE-0DB55F0E8189}"
EndProject
Project("{9A19103F-16F7-4668-BE54-9A1E7A4F7556}") = "ProductViewer.Client", "ProductViewer.Client\ProductViewer.Client.csproj", "{538E5069-BD44-4C79-BC51-3AC6CDABCA99}"
EndProject
Project("{9A19103F-16F7-4668-BE54-9A1E7A4F7556}") = "ProductViewer.Client.Common", "ProductViewer.Client.Common\ProductViewer.Client.Common.csproj", "{4950F60E-40FE-47F5-B630-881CB085B212}"
EndProject
Global
	GlobalSection(SolutionConfigurationPlatforms) = preSolution
		Debug|Any CPU = Debug|Any CPU
		Release|Any CPU = Release|Any CPU
	EndGlobalSection
	GlobalSection(ProjectConfigurationPlatforms) = postSolution
		{6A272CB2-702A-418E-9A4B-2F3474E8EFFF}.Debug|Any CPU.ActiveCfg = Debug|Any CPU
		{6A272CB2-702A-418E-9A4B-2F3474E8EFFF}.Debug|Any CPU.Build.0 = Debug|Any CPU
		{6A272CB2-702A-418E-9A4B-2F3474E8EFFF}.Release|Any CPU.ActiveCfg = Release|Any CPU
		{6A272CB2-702A-418E-9A4B-2F3474E8EFFF}.Release|Any CPU.Build.0 = Release|Any CPU
		{8F93F77E-38A4-4176-BA16-D68C13E50A17}.Debug|Any CPU.ActiveCfg = Debug|Any CPU
		{8F93F77E-38A4-4176-BA16-D68C13E50A17}.Debug|Any CPU.Build.0 = Debug|Any CPU
		{8F93F77E-38A4-4176-BA16-D68C13E50A17}.Release|Any CPU.ActiveCfg = Release|Any CPU
		{8F93F77E-38A4-4176-BA16-D68C13E50A17}.Release|Any CPU.Build.0 = Release|Any CPU
		{EDC23091-A11E-4C44-B962-378B35684B4E}.Debug|Any CPU.ActiveCfg = Debug|Any CPU
		{EDC23091-A11E-4C44-B962-378B35684B4E}.Debug|Any CPU.Build.0 = Debug|Any CPU
		{EDC23091-A11E-4C44-B962-378B35684B4E}.Release|Any CPU.ActiveCfg = Release|Any CPU
		{EDC23091-A11E-4C44-B962-378B35684B4E}.Release|Any CPU.Build.0 = Release|Any CPU
		{F811F4FA-CB6D-4B34-B118-E4C3BC7179CD}.Debug|Any CPU.ActiveCfg = Debug|Any CPU
		{F811F4FA-CB6D-4B34-B118-E4C3BC7179CD}.Debug|Any CPU.Build.0 = Debug|Any CPU
		{F811F4FA-CB6D-4B34-B118-E4C3BC7179CD}.Release|Any CPU.ActiveCfg = Release|Any CPU
		{F811F4FA-CB6D-4B34-B118-E4C3BC7179CD}.Release|Any CPU.Build.0 = Release|Any CPU
		{7BD5453A-B50A-4680-B8C5-B9D301E3ADEE}.Debug|Any CPU.ActiveCfg = Debug|Any CPU
		{7BD5453A-B50A-4680-B8C5-B9D301E3ADEE}.Debug|Any CPU.Build.0 = Debug|Any CPU
		{7BD5453A-B50A-4680-B8C5-B9D301E3ADEE}.Release|Any CPU.ActiveCfg = Release|Any CPU
		{7BD5453A-B50A-4680-B8C5-B9D301E3ADEE}.Release|Any CPU.Build.0 = Release|Any CPU
		{97351BBA-BE03-45B6-A7EE-0DB55F0E8189}.Debug|Any CPU.ActiveCfg = Debug|Any CPU
		{97351BBA-BE03-45B6-A7EE-0DB55F0E8189}.Debug|Any CPU.Build.0 = Debug|Any CPU
		{97351BBA-BE03-45B6-A7EE-0DB55F0E8189}.Release|Any CPU.ActiveCfg = Release|Any CPU
		{97351BBA-BE03-45B6-A7EE-0DB55F0E8189}.Release|Any CPU.Build.0 = Release|Any CPU
		{538E5069-BD44-4C79-BC51-3AC6CDABCA99}.Debug|Any CPU.ActiveCfg = Debug|Any CPU
		{538E5069-BD44-4C79-BC51-3AC6CDABCA99}.Debug|Any CPU.Build.0 = Debug|Any CPU
		{538E5069-BD44-4C79-BC51-3AC6CDABCA99}.Release|Any CPU.ActiveCfg = Release|Any CPU
		{538E5069-BD44-4C79-BC51-3AC6CDABCA99}.Release|Any CPU.Build.0 = Release|Any CPU
		{4950F60E-40FE-47F5-B630-881CB085B212}.Debug|Any CPU.ActiveCfg = Debug|Any CPU
		{4950F60E-40FE-47F5-B630-881CB085B212}.Debug|Any CPU.Build.0 = Debug|Any CPU
		{4950F60E-40FE-47F5-B630-881CB085B212}.Release|Any CPU.ActiveCfg = Release|Any CPU
		{4950F60E-40FE-47F5-B630-881CB085B212}.Release|Any CPU.Build.0 = Release|Any CPU
	EndGlobalSection
	GlobalSection(SolutionProperties) = preSolution
		HideSolutionNode = FALSE
	EndGlobalSection
	GlobalSection(ExtensibilityGlobals) = postSolution
		SolutionGuid = {9F4D6DE9-DF4E-4394-99A5-0DA07FAA34AC}
	EndGlobalSection
EndGlobal
